golang.org/x/exp/event v0.0.0-20250718183923-645b1fa84792 h1:RKzW3iEHUKu0CWVU4fG6v5ELTvjWvBbusVjXvnPEpKg=
golang.org/x/exp/event v0.0.0-20250718183923-645b1fa84792/go.mod h1:Fk1ubAb6/UVFs8rmY1v7Oob01wGxc71nvlHyqriGSCM=
golang.org/x/exp/jsonrpc2 v0.0.0-20250819193227-8b4c13bb791b h1:pE3D4zCzyVxKrOst7M/B71bTwGhjwlWt5ClPOEsVa0c=
golang.org/x/exp/jsonrpc2 v0.0.0-20250819193227-8b4c13bb791b/go.mod h1:9hS6EB0EMjqfiI0q7e47kN+FBgKXTrPd1sPtderhiAc=
golang.org/x/xerrors v0.0.0-20240903120638-7835f813f4da h1:noIWHXmPHxILtqtCOPIhSt0ABwskkZKjD3bXGnZGpNY=
golang.org/x/xerrors v0.0.0-20240903120638-7835f813f4da/go.mod h1:NDW/Ps6MPRej6fsCIbMTohpP40sJ/P/vI1MoTEGwX90=
